// !$*UTF8*$!
{
	archiveVersion = 1;
	classes = {
	};
	objectVersion = 56;
	objects = {

/* Begin PBXBuildFile section */
		21A759802A9230E000B4A4FF /* AppDelegate.swift in Sources */ = {isa = PBXBuildFile; fileRef = 21A7597F2A9230E000B4A4FF /* AppDelegate.swift */; };
		21A759822A9230E000B4A4FF /* SceneDelegate.swift in Sources */ = {isa = PBXBuildFile; fileRef = 21A759812A9230E000B4A4FF /* SceneDelegate.swift */; };
		21A759842A9230E000B4A4FF /* ViewController.swift in Sources */ = {isa = PBXBuildFile; fileRef = 21A759832A9230E000B4A4FF /* ViewController.swift */; };
		21A759872A9230E000B4A4FF /* Main.storyboard in Resources */ = {isa = PBXBuildFile; fileRef = 21A759852A9230E000B4A4FF /* Main.storyboard */; };
		21A7598A2A9230E000B4A4FF /* BrightskiesTask.xcdatamodeld in Sources */ = {isa = PBXBuildFile; fileRef = 21A759882A9230E000B4A4FF /* BrightskiesTask.xcdatamodeld */; };
		21A7598C2A9230E200B4A4FF /* Assets.xcassets in Resources */ = {isa = PBXBuildFile; fileRef = 21A7598B2A9230E200B4A4FF /* Assets.xcassets */; };
		21A7598F2A9230E200B4A4FF /* LaunchScreen.storyboard in Resources */ = {isa = PBXBuildFile; fileRef = 21A7598D2A9230E200B4A4FF /* LaunchScreen.storyboard */; };
		21A7599A2A9230E200B4A4FF /* BrightskiesTaskTests.swift in Sources */ = {isa = PBXBuildFile; fileRef = 21A759992A9230E200B4A4FF /* BrightskiesTaskTests.swift */; };
		21A759A42A9230E200B4A4FF /* BrightskiesTaskUITests.swift in Sources */ = {isa = PBXBuildFile; fileRef = 21A759A32A9230E200B4A4FF /* BrightskiesTaskUITests.swift */; };
		21A759A62A9230E200B4A4FF /* BrightskiesTaskUITestsLaunchTests.swift in Sources */ = {isa = PBXBuildFile; fileRef = 21A759A52A9230E200B4A4FF /* BrightskiesTaskUITestsLaunchTests.swift */; };
/* End PBXBuildFile section */

/* Begin PBXContainerItemProxy section */
		21A759962A9230E200B4A4FF /* PBXContainerItemProxy */ = {
			isa = PBXContainerItemProxy;
			containerPortal = 21A759742A9230E000B4A4FF /* Project object */;
			proxyType = 1;
			remoteGlobalIDString = 21A7597B2A9230E000B4A4FF;
			remoteInfo = BrightskiesTask;
		};
		21A759A02A9230E200B4A4FF /* PBXContainerItemProxy */ = {
			isa = PBXContainerItemProxy;
			containerPortal = 21A759742A9230E000B4A4FF /* Project object */;
			proxyType = 1;
			remoteGlobalIDString = 21A7597B2A9230E000B4A4FF;
			remoteInfo = BrightskiesTask;
		};
/* End PBXContainerItemProxy section */

/* Begin PBXFileReference section */
		21A7597C2A9230E000B4A4FF /* BrightskiesTask.app */ = {isa = PBXFileReference; explicitFileType = wrapper.application; includeInIndex = 0; path = BrightskiesTask.app; sourceTree = BUILT_PRODUCTS_DIR; };
		21A7597F2A9230E000B4A4FF /* AppDelegate.swift */ = {isa = PBXFileReference; lastKnownFileType = sourcecode.swift; path = AppDelegate.swift; sourceTree = "<group>"; };
		21A759812A9230E000B4A4FF /* SceneDelegate.swift */ = {isa = PBXFileReference; lastKnownFileType = sourcecode.swift; path = SceneDelegate.swift; sourceTree = "<group>"; };
		21A759832A9230E000B4A4FF /* ViewController.swift */ = {isa = PBXFileReference; lastKnownFileType = sourcecode.swift; path = ViewController.swift; sourceTree = "<group>"; };
		21A759862A9230E000B4A4FF /* Base */ = {isa = PBXFileReference; lastKnownFileType = file.storyboard; name = Base; path = Base.lproj/Main.storyboard; sourceTree = "<group>"; };
		21A759892A9230E000B4A4FF /* BrightskiesTask.xcdatamodel */ = {isa = PBXFileReference; lastKnownFileType = wrapper.xcdatamodel; path = BrightskiesTask.xcdatamodel; sourceTree = "<group>"; };
		21A7598B2A9230E200B4A4FF /* Assets.xcassets */ = {isa = PBXFileReference; lastKnownFileType = folder.assetcatalog; path = Assets.xcassets; sourceTree = "<group>"; };
		21A7598E2A9230E200B4A4FF /* Base */ = {isa = PBXFileReference; lastKnownFileType = file.storyboard; name = Base; path = Base.lproj/LaunchScreen.storyboard; sourceTree = "<group>"; };
		21A759902A9230E200B4A4FF /* Info.plist */ = {isa = PBXFileReference; lastKnownFileType = text.plist.xml; path = Info.plist; sourceTree = "<group>"; };
		21A759952A9230E200B4A4FF /* BrightskiesTaskTests.xctest */ = {isa = PBXFileReference; explicitFileType = wrapper.cfbundle; includeInIndex = 0; path = BrightskiesTaskTests.xctest; sourceTree = BUILT_PRODUCTS_DIR; };
		21A759992A9230E200B4A4FF /* BrightskiesTaskTests.swift */ = {isa = PBXFileReference; lastKnownFileType = sourcecode.swift; path = BrightskiesTaskTests.swift; sourceTree = "<group>"; };
		21A7599F2A9230E200B4A4FF /* BrightskiesTaskUITests.xctest */ = {isa = PBXFileReference; explicitFileType = wrapper.cfbundle; includeInIndex = 0; path = BrightskiesTaskUITests.xctest; sourceTree = BUILT_PRODUCTS_DIR; };
		21A759A32A9230E200B4A4FF /* BrightskiesTaskUITests.swift */ = {isa = PBXFileReference; lastKnownFileType = sourcecode.swift; path = BrightskiesTaskUITests.swift; sourceTree = "<group>"; };
		21A759A52A9230E200B4A4FF /* BrightskiesTaskUITestsLaunchTests.swift */ = {isa = PBXFileReference; lastKnownFileType = sourcecode.swift; path = BrightskiesTaskUITestsLaunchTests.swift; sourceTree = "<group>"; };
/* End PBXFileReference section */

/* Begin PBXFrameworksBuildPhase section */
		21A759792A9230E000B4A4FF /* Frameworks */ = {
			isa = PBXFrameworksBuildPhase;
			buildActionMask = 2147483647;
			files = (
			);
			runOnlyForDeploymentPostprocessing = 0;
		};
		21A759922A9230E200B4A4FF /* Frameworks */ = {
			isa = PBXFrameworksBuildPhase;
			buildActionMask = 2147483647;
			files = (
			);
			runOnlyForDeploymentPostprocessing = 0;
		};
		21A7599C2A9230E200B4A4FF /* Frameworks */ = {
			isa = PBXFrameworksBuildPhase;
			buildActionMask = 2147483647;
			files = (
			);
			runOnlyForDeploymentPostprocessing = 0;
		};
/* End PBXFrameworksBuildPhase section */

/* Begin PBXGroup section */
		21A759732A9230E000B4A4FF = {
			isa = PBXGroup;
			children = (
				21A7597E2A9230E000B4A4FF /* BrightskiesTask */,
				21A759982A9230E200B4A4FF /* BrightskiesTaskTests */,
				21A759A22A9230E200B4A4FF /* BrightskiesTaskUITests */,
				21A7597D2A9230E000B4A4FF /* Products */,
			);
			sourceTree = "<group>";
		};
		21A7597D2A9230E000B4A4FF /* Products */ = {
			isa = PBXGroup;
			children = (
				21A7597C2A9230E000B4A4FF /* BrightskiesTask.app */,
				21A759952A9230E200B4A4FF /* BrightskiesTaskTests.xctest */,
				21A7599F2A9230E200B4A4FF /* BrightskiesTaskUITests.xctest */,
			);
			name = Products;
			sourceTree = "<group>";
		};
		21A7597E2A9230E000B4A4FF /* BrightskiesTask */ = {
			isa = PBXGroup;
			children = (
				21A7597F2A9230E000B4A4FF /* AppDelegate.swift */,
				21A759812A9230E000B4A4FF /* SceneDelegate.swift */,
				21A759832A9230E000B4A4FF /* ViewController.swift */,
				21A759852A9230E000B4A4FF /* Main.storyboard */,
				21A7598B2A9230E200B4A4FF /* Assets.xcassets */,
				21A7598D2A9230E200B4A4FF /* LaunchScreen.storyboard */,
				21A759902A9230E200B4A4FF /* Info.plist */,
				21A759882A9230E000B4A4FF /* BrightskiesTask.xcdatamodeld */,
			);
			path = BrightskiesTask;
			sourceTree = "<group>";
		};
		21A759982A9230E200B4A4FF /* BrightskiesTaskTests */ = {
			isa = PBXGroup;
			children = (
				21A759992A9230E200B4A4FF /* BrightskiesTaskTests.swift */,
			);
			path = BrightskiesTaskTests;
			sourceTree = "<group>";
		};
		21A759A22A9230E200B4A4FF /* BrightskiesTaskUITests */ = {
			isa = PBXGroup;
			children = (
				21A759A32A9230E200B4A4FF /* BrightskiesTaskUITests.swift */,
				21A759A52A9230E200B4A4FF /* BrightskiesTaskUITestsLaunchTests.swift */,
			);
			path = BrightskiesTaskUITests;
			sourceTree = "<group>";
		};
/* End PBXGroup section */

/* Begin PBXNativeTarget section */
		21A7597B2A9230E000B4A4FF /* BrightskiesTask */ = {
			isa = PBXNativeTarget;
			buildConfigurationList = 21A759A92A9230E200B4A4FF /* Build configuration list for PBXNativeTarget "BrightskiesTask" */;
			buildPhases = (
				21A759782A9230E000B4A4FF /* Sources */,
				21A759792A9230E000B4A4FF /* Frameworks */,
				21A7597A2A9230E000B4A4FF /* Resources */,
			);
			buildRules = (
			);
			dependencies = (
			);
			name = BrightskiesTask;
			productName = BrightskiesTask;
			productReference = 21A7597C2A9230E000B4A4FF /* BrightskiesTask.app */;
			productType = "com.apple.product-type.application";
		};
		21A759942A9230E200B4A4FF /* BrightskiesTaskTests */ = {
			isa = PBXNativeTarget;
			buildConfigurationList = 21A759AC2A9230E200B4A4FF /* Build configuration list for PBXNativeTarget "BrightskiesTaskTests" */;
			buildPhases = (
				21A759912A9230E200B4A4FF /* Sources */,
				21A759922A9230E200B4A4FF /* Frameworks */,
				21A759932A9230E200B4A4FF /* Resources */,
			);
			buildRules = (
			);
			dependencies = (
				21A759972A9230E200B4A4FF /* PBXTargetDependency */,
			);
			name = BrightskiesTaskTests;
			productName = BrightskiesTaskTests;
			productReference = 21A759952A9230E200B4A4FF /* BrightskiesTaskTests.xctest */;
			productType = "com.apple.product-type.bundle.unit-test";
		};
		21A7599E2A9230E200B4A4FF /* BrightskiesTaskUITests */ = {
			isa = PBXNativeTarget;
			buildConfigurationList = 21A759AF2A9230E200B4A4FF /* Build configuration list for PBXNativeTarget "BrightskiesTaskUITests" */;
			buildPhases = (
				21A7599B2A9230E200B4A4FF /* Sources */,
				21A7599C2A9230E200B4A4FF /* Frameworks */,
				21A7599D2A9230E200B4A4FF /* Resources */,
			);
			buildRules = (
			);
			dependencies = (
				21A759A12A9230E200B4A4FF /* PBXTargetDependency */,
			);
			name = BrightskiesTaskUITests;
			productName = BrightskiesTaskUITests;
			productReference = 21A7599F2A9230E200B4A4FF /* BrightskiesTaskUITests.xctest */;
			productType = "com.apple.product-type.bundle.ui-testing";
		};
/* End PBXNativeTarget section */

/* Begin PBXProject section */
		21A759742A9230E000B4A4FF /* Project object */ = {
			isa = PBXProject;
			attributes = {
				BuildIndependentTargetsInParallel = 1;
				LastSwiftUpdateCheck = 1430;
				LastUpgradeCheck = 1430;
				TargetAttributes = {
					21A7597B2A9230E000B4A4FF = {
						CreatedOnToolsVersion = 14.3;
					};
					21A759942A9230E200B4A4FF = {
						CreatedOnToolsVersion = 14.3;
						TestTargetID = 21A7597B2A9230E000B4A4FF;
					};
					21A7599E2A9230E200B4A4FF = {
						CreatedOnToolsVersion = 14.3;
						TestTargetID = 21A7597B2A9230E000B4A4FF;
					};
				};
			};
			buildConfigurationList = 21A759772A9230E000B4A4FF /* Build configuration list for PBXProject "BrightskiesTask" */;
			compatibilityVersion = "Xcode 14.0";
			developmentRegion = en;
			hasScannedForEncodings = 0;
			knownRegions = (
				en,
				Base,
			);
			mainGroup = 21A759732A9230E000B4A4FF;
			productRefGroup = 21A7597D2A9230E000B4A4FF /* Products */;
			projectDirPath = "";
			projectRoot = "";
			targets = (
				21A7597B2A9230E000B4A4FF /* BrightskiesTask */,
				21A759942A9230E200B4A4FF /* BrightskiesTaskTests */,
				21A7599E2A9230E200B4A4FF /* BrightskiesTaskUITests */,
			);
		};
/* End PBXProject section */

/* Begin PBXResourcesBuildPhase section */
		21A7597A2A9230E000B4A4FF /* Resources */ = {
			isa = PBXResourcesBuildPhase;
			buildActionMask = 2147483647;
			files = (
				21A7598F2A9230E200B4A4FF /* LaunchScreen.storyboard in Resources */,
				21A7598C2A9230E200B4A4FF /* Assets.xcassets in Resources */,
				21A759872A9230E000B4A4FF /* Main.storyboard in Resources */,
			);
			runOnlyForDeploymentPostprocessing = 0;
		};
		21A759932A9230E200B4A4FF /* Resources */ = {
			isa = PBXResourcesBuildPhase;
			buildActionMask = 2147483647;
			files = (
			);
			runOnlyForDeploymentPostprocessing = 0;
		};
		21A7599D2A9230E200B4A4FF /* Resources */ = {
			isa = PBXResourcesBuildPhase;
			buildActionMask = 2147483647;
			files = (
			);
			runOnlyForDeploymentPostprocessing = 0;
		};
/* End PBXResourcesBuildPhase section */

/* Begin PBXSourcesBuildPhase section */
		21A759782A9230E000B4A4FF /* Sources */ = {
			isa = PBXSourcesBuildPhase;
			buildActionMask = 2147483647;
			files = (
				21A759842A9230E000B4A4FF /* ViewController.swift in Sources */,
				21A759802A9230E000B4A4FF /* AppDelegate.swift in Sources */,
				21A7598A2A9230E000B4A4FF /* BrightskiesTask.xcdatamodeld in Sources */,
				21A759822A9230E000B4A4FF /* SceneDelegate.swift in Sources */,
			);
			runOnlyForDeploymentPostprocessing = 0;
		};
		21A759912A9230E200B4A4FF /* Sources */ = {
			isa = PBXSourcesBuildPhase;
			buildActionMask = 2147483647;
			files = (
				21A7599A2A9230E200B4A4FF /* BrightskiesTaskTests.swift in Sources */,
			);
			runOnlyForDeploymentPostprocessing = 0;
		};
		21A7599B2A9230E200B4A4FF /* Sources */ = {
			isa = PBXSourcesBuildPhase;
			buildActionMask = 2147483647;
			files = (
				21A759A42A9230E200B4A4FF /* BrightskiesTaskUITests.swift in Sources */,
				21A759A62A9230E200B4A4FF /* BrightskiesTaskUITestsLaunchTests.swift in Sources */,
			);
			runOnlyForDeploymentPostprocessing = 0;
		};
/* End PBXSourcesBuildPhase section */

/* Begin PBXTargetDependency section */
		21A759972A9230E200B4A4FF /* PBXTargetDependency */ = {
			isa = PBXTargetDependency;
			target = 21A7597B2A9230E000B4A4FF /* BrightskiesTask */;
			targetProxy = 21A759962A9230E200B4A4FF /* PBXContainerItemProxy */;
		};
		21A759A12A9230E200B4A4FF /* PBXTargetDependency */ = {
			isa = PBXTargetDependency;
			target = 21A7597B2A9230E000B4A4FF /* BrightskiesTask */;
			targetProxy = 21A759A02A9230E200B4A4FF /* PBXContainerItemProxy */;
		};
/* End PBXTargetDependency section */

/* Begin PBXVariantGroup section */
		21A759852A9230E000B4A4FF /* Main.storyboard */ = {
			isa = PBXVariantGroup;
			children = (
				21A759862A9230E000B4A4FF /* Base */,
			);
			name = Main.storyboard;
			sourceTree = "<group>";
		};
		21A7598D2A9230E200B4A4FF /* LaunchScreen.storyboard */ = {
			isa = PBXVariantGroup;
			children = (
				21A7598E2A9230E200B4A4FF /* Base */,
			);
			name = LaunchScreen.storyboard;
			sourceTree = "<group>";
		};
/* End PBXVariantGroup section */

/* Begin XCBuildConfiguration section */
		21A759A72A9230E200B4A4FF /* Debug */ = {
			isa = XCBuildConfiguration;
			buildSettings = {
				ALWAYS_SEARCH_USER_PATHS = NO;
				CLANG_ANALYZER_NONNULL = YES;
				CLANG_ANALYZER_NUMBER_OBJECT_CONVERSION = YES_AGGRESSIVE;
				CLANG_CXX_LANGUAGE_STANDARD = "gnu++20";
				CLANG_ENABLE_MODULES = YES;
				CLANG_ENABLE_OBJC_ARC = YES;
				CLANG_ENABLE_OBJC_WEAK = YES;
				CLANG_WARN_BLOCK_CAPTURE_AUTORELEASING = YES;
				CLANG_WARN_BOOL_CONVERSION = YES;
				CLANG_WARN_COMMA = YES;
				CLANG_WARN_CONSTANT_CONVERSION = YES;
				CLANG_WARN_DEPRECATED_OBJC_IMPLEMENTATIONS = YES;
				CLANG_WARN_DIRECT_OBJC_ISA_USAGE = YES_ERROR;
				CLANG_WARN_DOCUMENTATION_COMMENTS = YES;
				CLANG_WARN_EMPTY_BODY = YES;
				CLANG_WARN_ENUM_CONVERSION = YES;
				CLANG_WARN_INFINITE_RECURSION = YES;
				CLANG_WARN_INT_CONVERSION = YES;
				CLANG_WARN_NON_LITERAL_NULL_CONVERSION = YES;
				CLANG_WARN_OBJC_IMPLICIT_RETAIN_SELF = YES;
				CLANG_WARN_OBJC_LITERAL_CONVERSION = YES;
				CLANG_WARN_OBJC_ROOT_CLASS = YES_ERROR;
				CLANG_WARN_QUOTED_INCLUDE_IN_FRAMEWORK_HEADER = YES;
				CLANG_WARN_RANGE_LOOP_ANALYSIS = YES;
				CLANG_WARN_STRICT_PROTOTYPES = YES;
				CLANG_WARN_SUSPICIOUS_MOVE = YES;
				CLANG_WARN_UNGUARDED_AVAILABILITY = YES_AGGRESSIVE;
				CLANG_WARN_UNREACHABLE_CODE = YES;
				CLANG_WARN__DUPLICATE_METHOD_MATCH = YES;
				COPY_PHASE_STRIP = NO;
				DEBUG_INFORMATION_FORMAT = dwarf;
				ENABLE_STRICT_OBJC_MSGSEND = YES;
				ENABLE_TESTABILITY = YES;
				GCC_C_LANGUAGE_STANDARD = gnu11;
				GCC_DYNAMIC_NO_PIC = NO;
				GCC_NO_COMMON_BLOCKS = YES;
				GCC_OPTIMIZATION_LEVEL = 0;
				GCC_PREPROCESSOR_DEFINITIONS = (
					"DEBUG=1",
					"$(inherited)",
				);
				GCC_WARN_64_TO_32_BIT_CONVERSION = YES;
				GCC_WARN_ABOUT_RETURN_TYPE = YES_ERROR;
				GCC_WARN_UNDECLARED_SELECTOR = YES;
				GCC_WARN_UNINITIALIZED_AUTOS = YES_AGGRESSIVE;
				GCC_WARN_UNUSED_FUNCTION = YES;
				GCC_WARN_UNUSED_VARIABLE = YES;
				IPHONEOS_DEPLOYMENT_TARGET = 16.4;
				MTL_ENABLE_DEBUG_INFO = INCLUDE_SOURCE;
				MTL_FAST_MATH = YES;
				ONLY_ACTIVE_ARCH = YES;
				SDKROOT = iphoneos;
				SWIFT_ACTIVE_COMPILATION_CONDITIONS = DEBUG;
				SWIFT_OPTIMIZATION_LEVEL = "-Onone";
			};
			name = Debug;
		};
		21A759A82A9230E200B4A4FF /* Release */ = {
			isa = XCBuildConfiguration;
			buildSettings = {
				ALWAYS_SEARCH_USER_PATHS = NO;
				CLANG_ANALYZER_NONNULL = YES;
				CLANG_ANALYZER_NUMBER_OBJECT_CONVERSION = YES_AGGRESSIVE;
				CLANG_CXX_LANGUAGE_STANDARD = "gnu++20";
				CLANG_ENABLE_MODULES = YES;
				CLANG_ENABLE_OBJC_ARC = YES;
				CLANG_ENABLE_OBJC_WEAK = YES;
				CLANG_WARN_BLOCK_CAPTURE_AUTORELEASING = YES;
				CLANG_WARN_BOOL_CONVERSION = YES;
				CLANG_WARN_COMMA = YES;
				CLANG_WARN_CONSTANT_CONVERSION = YES;
				CLANG_WARN_DEPRECATED_OBJC_IMPLEMENTATIONS = YES;
				CLANG_WARN_DIRECT_OBJC_ISA_USAGE = YES_ERROR;
				CLANG_WARN_DOCUMENTATION_COMMENTS = YES;
				CLANG_WARN_EMPTY_BODY = YES;
				CLANG_WARN_ENUM_CONVERSION = YES;
				CLANG_WARN_INFINITE_RECURSION = YES;
				CLANG_WARN_INT_CONVERSION = YES;
				CLANG_WARN_NON_LITERAL_NULL_CONVERSION = YES;
				CLANG_WARN_OBJC_IMPLICIT_RETAIN_SELF = YES;
				CLANG_WARN_OBJC_LITERAL_CONVERSION = YES;
				CLANG_WARN_OBJC_ROOT_CLASS = YES_ERROR;
				CLANG_WARN_QUOTED_INCLUDE_IN_FRAMEWORK_HEADER = YES;
				CLANG_WARN_RANGE_LOOP_ANALYSIS = YES;
				CLANG_WARN_STRICT_PROTOTYPES = YES;
				CLANG_WARN_SUSPICIOUS_MOVE = YES;
				CLANG_WARN_UNGUARDED_AVAILABILITY = YES_AGGRESSIVE;
				CLANG_WARN_UNREACHABLE_CODE = YES;
				CLANG_WARN__DUPLICATE_METHOD_MATCH = YES;
				COPY_PHASE_STRIP = NO;
				DEBUG_INFORMATION_FORMAT = "dwarf-with-dsym";
				ENABLE_NS_ASSERTIONS = NO;
				ENABLE_STRICT_OBJC_MSGSEND = YES;
				GCC_C_LANGUAGE_STANDARD = gnu11;
				GCC_NO_COMMON_BLOCKS = YES;
				GCC_WARN_64_TO_32_BIT_CONVERSION = YES;
				GCC_WARN_ABOUT_RETURN_TYPE = YES_ERROR;
				GCC_WARN_UNDECLARED_SELECTOR = YES;
				GCC_WARN_UNINITIALIZED_AUTOS = YES_AGGRESSIVE;
				GCC_WARN_UNUSED_FUNCTION = YES;
				GCC_WARN_UNUSED_VARIABLE = YES;
				IPHONEOS_DEPLOYMENT_TARGET = 16.4;
				MTL_ENABLE_DEBUG_INFO = NO;
				MTL_FAST_MATH = YES;
				SDKROOT = iphoneos;
				SWIFT_COMPILATION_MODE = wholemodule;
				SWIFT_OPTIMIZATION_LEVEL = "-O";
				VALIDATE_PRODUCT = YES;
			};
			name = Release;
		};
		21A759AA2A9230E200B4A4FF /* Debug */ = {
			isa = XCBuildConfiguration;
			buildSettings = {
				ASSETCATALOG_COMPILER_APPICON_NAME = AppIcon;
				ASSETCATALOG_COMPILER_GLOBAL_ACCENT_COLOR_NAME = AccentColor;
				CODE_SIGN_STYLE = Automatic;
				CURRENT_PROJECT_VERSION = 1;
				DEVELOPMENT_TEAM = NU3L58K3P3;
				GENERATE_INFOPLIST_FILE = YES;
				INFOPLIST_FILE = BrightskiesTask/Info.plist;
				INFOPLIST_KEY_UIApplicationSupportsIndirectInputEvents = YES;
				INFOPLIST_KEY_UILaunchStoryboardName = LaunchScreen;
				INFOPLIST_KEY_UIMainStoryboardFile = Main;
				INFOPLIST_KEY_UISupportedInterfaceOrientations_iPad = "UIInterfaceOrientationPortrait UIInterfaceOrientationPortraitUpsideDown UIInterfaceOrientationLandscapeLeft UIInterfaceOrientationLandscapeRight";
				INFOPLIST_KEY_UISupportedInterfaceOrientations_iPhone = "UIInterfaceOrientationPortrait UIInterfaceOrientationLandscapeLeft UIInterfaceOrientationLandscapeRight";
				LD_RUNPATH_SEARCH_PATHS = (
					"$(inherited)",
					"@executable_path/Frameworks",
				);
				MARKETING_VERSION = 1.0;
				PRODUCT_BUNDLE_IDENTIFIER = com.ahmed.BrightskiesTask;
				PRODUCT_NAME = "$(TARGET_NAME)";
				SWIFT_EMIT_LOC_STRINGS = YES;
				SWIFT_VERSION = 5.0;
				TARGETED_DEVICE_FAMILY = "1,2";
			};
			name = Debug;
		};
		21A759AB2A9230E200B4A4FF /* Release */ = {
			isa = XCBuildConfiguration;
			buildSettings = {
				ASSETCATALOG_COMPILER_APPICON_NAME = AppIcon;
				ASSETCATALOG_COMPILER_GLOBAL_ACCENT_COLOR_NAME = AccentColor;
				CODE_SIGN_STYLE = Automatic;
				CURRENT_PROJECT_VERSION = 1;
				DEVELOPMENT_TEAM = NU3L58K3P3;
				GENERATE_INFOPLIST_FILE = YES;
				INFOPLIST_FILE = BrightskiesTask/Info.plist;
				INFOPLIST_KEY_UIApplicationSupportsIndirectInputEvents = YES;
				INFOPLIST_KEY_UILaunchStoryboardName = LaunchScreen;
				INFOPLIST_KEY_UIMainStoryboardFile = Main;
				INFOPLIST_KEY_UISupportedInterfaceOrientations_iPad = "UIInterfaceOrientationPortrait UIInterfaceOrientationPortraitUpsideDown UIInterfaceOrientationLandscapeLeft UIInterfaceOrientationLandscapeRight";
				INFOPLIST_KEY_UISupportedInterfaceOrientations_iPhone = "UIInterfaceOrientationPortrait UIInterfaceOrientationLandscapeLeft UIInterfaceOrientationLandscapeRight";
				LD_RUNPATH_SEARCH_PATHS = (
					"$(inherited)",
					"@executable_path/Frameworks",
				);
				MARKETING_VERSION = 1.0;
				PRODUCT_BUNDLE_IDENTIFIER = com.ahmed.BrightskiesTask;
				PRODUCT_NAME = "$(TARGET_NAME)";
				SWIFT_EMIT_LOC_STRINGS = YES;
				SWIFT_VERSION = 5.0;
				TARGETED_DEVICE_FAMILY = "1,2";
			};
			name = Release;
		};
		21A759AD2A9230E200B4A4FF /* Debug */ = {
			isa = XCBuildConfiguration;
			buildSettings = {
				ALWAYS_EMBED_SWIFT_STANDARD_LIBRARIES = YES;
				BUNDLE_LOADER = "$(TEST_HOST)";
				CODE_SIGN_STYLE = Automatic;
				CURRENT_PROJECT_VERSION = 1;
				DEVELOPMENT_TEAM = NU3L58K3P3;
				GENERATE_INFOPLIST_FILE = YES;
				IPHONEOS_DEPLOYMENT_TARGET = 16.4;
				MARKETING_VERSION = 1.0;
				PRODUCT_BUNDLE_IDENTIFIER = com.ahmed.BrightskiesTaskTests;
				PRODUCT_NAME = "$(TARGET_NAME)";
				SWIFT_EMIT_LOC_STRINGS = NO;
				SWIFT_VERSION = 5.0;
				TARGETED_DEVICE_FAMILY = "1,2";
				TEST_HOST = "$(BUILT_PRODUCTS_DIR)/BrightskiesTask.app/$(BUNDLE_EXECUTABLE_FOLDER_PATH)/BrightskiesTask";
			};
			name = Debug;
		};
		21A759AE2A9230E200B4A4FF /* Release */ = {
			isa = XCBuildConfiguration;
			buildSettings = {
				ALWAYS_EMBED_SWIFT_STANDARD_LIBRARIES = YES;
				BUNDLE_LOADER = "$(TEST_HOST)";
				CODE_SIGN_STYLE = Automatic;
				CURRENT_PROJECT_VERSION = 1;
				DEVELOPMENT_TEAM = NU3L58K3P3;
				GENERATE_INFOPLIST_FILE = YES;
				IPHONEOS_DEPLOYMENT_TARGET = 16.4;
				MARKETING_VERSION = 1.0;
				PRODUCT_BUNDLE_IDENTIFIER = com.ahmed.BrightskiesTaskTests;
				PRODUCT_NAME = "$(TARGET_NAME)";
				SWIFT_EMIT_LOC_STRINGS = NO;
				SWIFT_VERSION = 5.0;
				TARGETED_DEVICE_FAMILY = "1,2";
				TEST_HOST = "$(BUILT_PRODUCTS_DIR)/BrightskiesTask.app/$(BUNDLE_EXECUTABLE_FOLDER_PATH)/BrightskiesTask";
			};
			name = Release;
		};
		21A759B02A9230E200B4A4FF /* Debug */ = {
			isa = XCBuildConfiguration;
			buildSettings = {
				ALWAYS_EMBED_SWIFT_STANDARD_LIBRARIES = YES;
				CODE_SIGN_STYLE = Automatic;
				CURRENT_PROJECT_VERSION = 1;
				DEVELOPMENT_TEAM = NU3L58K3P3;
				GENERATE_INFOPLIST_FILE = YES;
				MARKETING_VERSION = 1.0;
				PRODUCT_BUNDLE_IDENTIFIER = com.ahmed.BrightskiesTaskUITests;
				PRODUCT_NAME = "$(TARGET_NAME)";
				SWIFT_EMIT_LOC_STRINGS = NO;
				SWIFT_VERSION = 5.0;
				TARGETED_DEVICE_FAMILY = "1,2";
				TEST_TARGET_NAME = BrightskiesTask;
			};
			name = Debug;
		};
		21A759B12A9230E200B4A4FF /* Release */ = {
			isa = XCBuildConfiguration;
			buildSettings = {
				ALWAYS_EMBED_SWIFT_STANDARD_LIBRARIES = YES;
				CODE_SIGN_STYLE = Automatic;
				CURRENT_PROJECT_VERSION = 1;
				DEVELOPMENT_TEAM = NU3L58K3P3;
				GENERATE_INFOPLIST_FILE = YES;
				MARKETING_VERSION = 1.0;
				PRODUCT_BUNDLE_IDENTIFIER = com.ahmed.BrightskiesTaskUITests;
				PRODUCT_NAME = "$(TARGET_NAME)";
				SWIFT_EMIT_LOC_STRINGS = NO;
				SWIFT_VERSION = 5.0;
				TARGETED_DEVICE_FAMILY = "1,2";
				TEST_TARGET_NAME = BrightskiesTask;
			};
			name = Release;
		};
/* End XCBuildConfiguration section */

/* Begin XCConfigurationList section */
		21A759772A9230E000B4A4FF /* Build configuration list for PBXProject "BrightskiesTask" */ = {
			isa = XCConfigurationList;
			buildConfigurations = (
				21A759A72A9230E200B4A4FF /* Debug */,
				21A759A82A9230E200B4A4FF /* Release */,
			);
			defaultConfigurationIsVisible = 0;
			defaultConfigurationName = Release;
		};
		21A759A92A9230E200B4A4FF /* Build configuration list for PBXNativeTarget "BrightskiesTask" */ = {
			isa = XCConfigurationList;
			buildConfigurations = (
				21A759AA2A9230E200B4A4FF /* Debug */,
				21A759AB2A9230E200B4A4FF /* Release */,
			);
			defaultConfigurationIsVisible = 0;
			defaultConfigurationName = Release;
		};
		21A759AC2A9230E200B4A4FF /* Build configuration list for PBXNativeTarget "BrightskiesTaskTests" */ = {
			isa = XCConfigurationList;
			buildConfigurations = (
				21A759AD2A9230E200B4A4FF /* Debug */,
				21A759AE2A9230E200B4A4FF /* Release */,
			);
			defaultConfigurationIsVisible = 0;
			defaultConfigurationName = Release;
		};
		21A759AF2A9230E200B4A4FF /* Build configuration list for PBXNativeTarget "BrightskiesTaskUITests" */ = {
			isa = XCConfigurationList;
			buildConfigurations = (
				21A759B02A9230E200B4A4FF /* Debug */,
				21A759B12A9230E200B4A4FF /* Release */,
			);
			defaultConfigurationIsVisible = 0;
			defaultConfigurationName = Release;
		};
/* End XCConfigurationList section */

/* Begin XCVersionGroup section */
		21A759882A9230E000B4A4FF /* BrightskiesTask.xcdatamodeld */ = {
			isa = XCVersionGroup;
			children = (
				21A759892A9230E000B4A4FF /* BrightskiesTask.xcdatamodel */,
			);
			currentVersion = 21A759892A9230E000B4A4FF /* BrightskiesTask.xcdatamodel */;
			path = BrightskiesTask.xcdatamodeld;
			sourceTree = "<group>";
			versionGroupType = wrapper.xcdatamodel;
		};
/* End XCVersionGroup section */
	};
	rootObject = 21A759742A9230E000B4A4FF /* Project object */;
}
