// !$*UTF8*$!
{
	archiveVersion = 1;
	classes = {
	};
	objectVersion = 56;
	objects = {

/* Begin PBXBuildFile section */
		21A759802A9230E000B4A4FF /* AppDelegate.swift in Sources */ = {isa = PBXBuildFile; fileRef = 21A7597F2A9230E000B4A4FF /* AppDelegate.swift */; };
		21A759822A9230E000B4A4FF /* SceneDelegate.swift in Sources */ = {isa = PBXBuildFile; fileRef = 21A759812A9230E000B4A4FF /* SceneDelegate.swift */; };
		21A7598A2A9230E000B4A4FF /* BrightskiesTask.xcdatamodeld in Sources */ = {isa = PBXBuildFile; fileRef = 21A759882A9230E000B4A4FF /* BrightskiesTask.xcdatamodeld */; };
		21A7598C2A9230E200B4A4FF /* Assets.xcassets in Resources */ = {isa = PBXBuildFile; fileRef = 21A7598B2A9230E200B4A4FF /* Assets.xcassets */; };
		21A7598F2A9230E200B4A4FF /* LaunchScreen.storyboard in Resources */ = {isa = PBXBuildFile; fileRef = 21A7598D2A9230E200B4A4FF /* LaunchScreen.storyboard */; };
		21A7599A2A9230E200B4A4FF /* BrightskiesTaskTests.swift in Sources */ = {isa = PBXBuildFile; fileRef = 21A759992A9230E200B4A4FF /* BrightskiesTaskTests.swift */; };
		21A759A42A9230E200B4A4FF /* BrightskiesTaskUITests.swift in Sources */ = {isa = PBXBuildFile; fileRef = 21A759A32A9230E200B4A4FF /* BrightskiesTaskUITests.swift */; };
		21A759A62A9230E200B4A4FF /* BrightskiesTaskUITestsLaunchTests.swift in Sources */ = {isa = PBXBuildFile; fileRef = 21A759A52A9230E200B4A4FF /* BrightskiesTaskUITestsLaunchTests.swift */; };
		21A759B92A9231C500B4A4FF /* SplashVC.swift in Sources */ = {isa = PBXBuildFile; fileRef = 21A759B72A9231C500B4A4FF /* SplashVC.swift */; };
		21A759BA2A9231C500B4A4FF /* SplashVC.xib in Resources */ = {isa = PBXBuildFile; fileRef = 21A759B82A9231C500B4A4FF /* SplashVC.xib */; };
		21A759C12A92359300B4A4FF /* BaseApi.swift in Sources */ = {isa = PBXBuildFile; fileRef = 21A759C02A92359300B4A4FF /* BaseApi.swift */; };
		21A759C32A923B0600B4A4FF /* TargetType.swift in Sources */ = {isa = PBXBuildFile; fileRef = 21A759C22A923B0600B4A4FF /* TargetType.swift */; };
		21A759C62A923BD200B4A4FF /* internetConnections.swift in Sources */ = {isa = PBXBuildFile; fileRef = 21A759C52A923BD200B4A4FF /* internetConnections.swift */; };
		21A759C82A92486600B4A4FF /* Colors.xcassets in Resources */ = {isa = PBXBuildFile; fileRef = 21A759C72A92486600B4A4FF /* Colors.xcassets */; };
		21A759CB2A924D2D00B4A4FF /* Colors.swift in Sources */ = {isa = PBXBuildFile; fileRef = 21A759CA2A924D2D00B4A4FF /* Colors.swift */; };
		21A759D12A9257CD00B4A4FF /* Observable.swift in Sources */ = {isa = PBXBuildFile; fileRef = 21A759D02A9257CD00B4A4FF /* Observable.swift */; };
		21A759D52A92593900B4A4FF /* UIViewController + Extentions.swift in Sources */ = {isa = PBXBuildFile; fileRef = 21A759D42A92593900B4A4FF /* UIViewController + Extentions.swift */; };
		21A759D92A927F9D00B4A4FF /* LoginVC.swift in Sources */ = {isa = PBXBuildFile; fileRef = 21A759D72A927F9D00B4A4FF /* LoginVC.swift */; };
		21A759DA2A927F9D00B4A4FF /* LoginVC.xib in Resources */ = {isa = PBXBuildFile; fileRef = 21A759D82A927F9D00B4A4FF /* LoginVC.xib */; };
		21A759DE2A937A6A00B4A4FF /* LoginVCViewModel.swift in Sources */ = {isa = PBXBuildFile; fileRef = 21A759DD2A937A6A00B4A4FF /* LoginVCViewModel.swift */; };
		21A759E42A93B13F00B4A4FF /* HomeDataModel.swift in Sources */ = {isa = PBXBuildFile; fileRef = 21A759E32A93B13F00B4A4FF /* HomeDataModel.swift */; };
		21A759E72A93B47000B4A4FF /* HomeVC.swift in Sources */ = {isa = PBXBuildFile; fileRef = 21A759E52A93B47000B4A4FF /* HomeVC.swift */; };
		21A759E82A93B47000B4A4FF /* HomeVC.xib in Resources */ = {isa = PBXBuildFile; fileRef = 21A759E62A93B47000B4A4FF /* HomeVC.xib */; };
		21A759EC2A93B4DA00B4A4FF /* HomeTableViewCell.swift in Sources */ = {isa = PBXBuildFile; fileRef = 21A759EA2A93B4DA00B4A4FF /* HomeTableViewCell.swift */; };
		21A759ED2A93B4DA00B4A4FF /* HomeTableViewCell.xib in Resources */ = {isa = PBXBuildFile; fileRef = 21A759EB2A93B4DA00B4A4FF /* HomeTableViewCell.xib */; };
		21A759F12A954BB400B4A4FF /* HomeViewModel.swift in Sources */ = {isa = PBXBuildFile; fileRef = 21A759F02A954BB400B4A4FF /* HomeViewModel.swift */; };
		21A759F42A954C5E00B4A4FF /* AppConfiguration.swift in Sources */ = {isa = PBXBuildFile; fileRef = 21A759F32A954C5E00B4A4FF /* AppConfiguration.swift */; };
		21A759F82A954FA900B4A4FF /* HomeVCNetworking.swift in Sources */ = {isa = PBXBuildFile; fileRef = 21A759F72A954FA900B4A4FF /* HomeVCNetworking.swift */; };
		21A759FA2A95501100B4A4FF /* HomeVCApi.swift in Sources */ = {isa = PBXBuildFile; fileRef = 21A759F92A95501100B4A4FF /* HomeVCApi.swift */; };
		21A759FE2A9550CD00B4A4FF /* HomeTableViewCellViewModel.swift in Sources */ = {isa = PBXBuildFile; fileRef = 21A759FD2A9550CD00B4A4FF /* HomeTableViewCellViewModel.swift */; };
		600E11974C6303ECC0BB50DE /* Pods_BrightskiesTaskTests.framework in Frameworks */ = {isa = PBXBuildFile; fileRef = 28FD30241FAFE1D1980CF963 /* Pods_BrightskiesTaskTests.framework */; };
		B5CD7C3F69FC938CDC868135 /* Pods_BrightskiesTask.framework in Frameworks */ = {isa = PBXBuildFile; fileRef = D451AE0B3F758AE437815992 /* Pods_BrightskiesTask.framework */; };
		EA6E2266A038EE574AECF8B2 /* Pods_BrightskiesTask_BrightskiesTaskUITests.framework in Frameworks */ = {isa = PBXBuildFile; fileRef = 2BFF9B7D482A0FCB9622C7CD /* Pods_BrightskiesTask_BrightskiesTaskUITests.framework */; };
/* End PBXBuildFile section */

/* Begin PBXContainerItemProxy section */
		21A759962A9230E200B4A4FF /* PBXContainerItemProxy */ = {
			isa = PBXContainerItemProxy;
			containerPortal = 21A759742A9230E000B4A4FF /* Project object */;
			proxyType = 1;
			remoteGlobalIDString = 21A7597B2A9230E000B4A4FF;
			remoteInfo = BrightskiesTask;
		};
		21A759A02A9230E200B4A4FF /* PBXContainerItemProxy */ = {
			isa = PBXContainerItemProxy;
			containerPortal = 21A759742A9230E000B4A4FF /* Project object */;
			proxyType = 1;
			remoteGlobalIDString = 21A7597B2A9230E000B4A4FF;
			remoteInfo = BrightskiesTask;
		};
/* End PBXContainerItemProxy section */

/* Begin PBXFileReference section */
		21A7597C2A9230E000B4A4FF /* BrightskiesTask.app */ = {isa = PBXFileReference; explicitFileType = wrapper.application; includeInIndex = 0; path = BrightskiesTask.app; sourceTree = BUILT_PRODUCTS_DIR; };
		21A7597F2A9230E000B4A4FF /* AppDelegate.swift */ = {isa = PBXFileReference; lastKnownFileType = sourcecode.swift; path = AppDelegate.swift; sourceTree = "<group>"; };
		21A759812A9230E000B4A4FF /* SceneDelegate.swift */ = {isa = PBXFileReference; lastKnownFileType = sourcecode.swift; path = SceneDelegate.swift; sourceTree = "<group>"; };
		21A759892A9230E000B4A4FF /* BrightskiesTask.xcdatamodel */ = {isa = PBXFileReference; lastKnownFileType = wrapper.xcdatamodel; path = BrightskiesTask.xcdatamodel; sourceTree = "<group>"; };
		21A7598B2A9230E200B4A4FF /* Assets.xcassets */ = {isa = PBXFileReference; lastKnownFileType = folder.assetcatalog; path = Assets.xcassets; sourceTree = "<group>"; };
		21A7598E2A9230E200B4A4FF /* Base */ = {isa = PBXFileReference; lastKnownFileType = file.storyboard; name = Base; path = Base.lproj/LaunchScreen.storyboard; sourceTree = "<group>"; };
		21A759902A9230E200B4A4FF /* Info.plist */ = {isa = PBXFileReference; lastKnownFileType = text.plist.xml; path = Info.plist; sourceTree = "<group>"; };
		21A759952A9230E200B4A4FF /* BrightskiesTaskTests.xctest */ = {isa = PBXFileReference; explicitFileType = wrapper.cfbundle; includeInIndex = 0; path = BrightskiesTaskTests.xctest; sourceTree = BUILT_PRODUCTS_DIR; };
		21A759992A9230E200B4A4FF /* BrightskiesTaskTests.swift */ = {isa = PBXFileReference; lastKnownFileType = sourcecode.swift; path = BrightskiesTaskTests.swift; sourceTree = "<group>"; };
		21A7599F2A9230E200B4A4FF /* BrightskiesTaskUITests.xctest */ = {isa = PBXFileReference; explicitFileType = wrapper.cfbundle; includeInIndex = 0; path = BrightskiesTaskUITests.xctest; sourceTree = BUILT_PRODUCTS_DIR; };
		21A759A32A9230E200B4A4FF /* BrightskiesTaskUITests.swift */ = {isa = PBXFileReference; lastKnownFileType = sourcecode.swift; path = BrightskiesTaskUITests.swift; sourceTree = "<group>"; };
		21A759A52A9230E200B4A4FF /* BrightskiesTaskUITestsLaunchTests.swift */ = {isa = PBXFileReference; lastKnownFileType = sourcecode.swift; path = BrightskiesTaskUITestsLaunchTests.swift; sourceTree = "<group>"; };
		21A759B72A9231C500B4A4FF /* SplashVC.swift */ = {isa = PBXFileReference; lastKnownFileType = sourcecode.swift; path = SplashVC.swift; sourceTree = "<group>"; };
		21A759B82A9231C500B4A4FF /* SplashVC.xib */ = {isa = PBXFileReference; lastKnownFileType = file.xib; path = SplashVC.xib; sourceTree = "<group>"; };
		21A759C02A92359300B4A4FF /* BaseApi.swift */ = {isa = PBXFileReference; lastKnownFileType = sourcecode.swift; path = BaseApi.swift; sourceTree = "<group>"; };
		21A759C22A923B0600B4A4FF /* TargetType.swift */ = {isa = PBXFileReference; lastKnownFileType = sourcecode.swift; path = TargetType.swift; sourceTree = "<group>"; };
		21A759C52A923BD200B4A4FF /* internetConnections.swift */ = {isa = PBXFileReference; lastKnownFileType = sourcecode.swift; path = internetConnections.swift; sourceTree = "<group>"; };
		21A759C72A92486600B4A4FF /* Colors.xcassets */ = {isa = PBXFileReference; lastKnownFileType = folder.assetcatalog; path = Colors.xcassets; sourceTree = "<group>"; };
		21A759CA2A924D2D00B4A4FF /* Colors.swift */ = {isa = PBXFileReference; lastKnownFileType = sourcecode.swift; path = Colors.swift; sourceTree = "<group>"; };
		21A759D02A9257CD00B4A4FF /* Observable.swift */ = {isa = PBXFileReference; lastKnownFileType = sourcecode.swift; path = Observable.swift; sourceTree = "<group>"; };
		21A759D42A92593900B4A4FF /* UIViewController + Extentions.swift */ = {isa = PBXFileReference; lastKnownFileType = sourcecode.swift; path = "UIViewController + Extentions.swift"; sourceTree = "<group>"; };
		21A759D72A927F9D00B4A4FF /* LoginVC.swift */ = {isa = PBXFileReference; lastKnownFileType = sourcecode.swift; path = LoginVC.swift; sourceTree = "<group>"; };
		21A759D82A927F9D00B4A4FF /* LoginVC.xib */ = {isa = PBXFileReference; lastKnownFileType = file.xib; path = LoginVC.xib; sourceTree = "<group>"; };
		21A759DD2A937A6A00B4A4FF /* LoginVCViewModel.swift */ = {isa = PBXFileReference; lastKnownFileType = sourcecode.swift; path = LoginVCViewModel.swift; sourceTree = "<group>"; };
		21A759E32A93B13F00B4A4FF /* HomeDataModel.swift */ = {isa = PBXFileReference; lastKnownFileType = sourcecode.swift; path = HomeDataModel.swift; sourceTree = "<group>"; };
		21A759E52A93B47000B4A4FF /* HomeVC.swift */ = {isa = PBXFileReference; lastKnownFileType = sourcecode.swift; path = HomeVC.swift; sourceTree = "<group>"; };
		21A759E62A93B47000B4A4FF /* HomeVC.xib */ = {isa = PBXFileReference; lastKnownFileType = file.xib; path = HomeVC.xib; sourceTree = "<group>"; };
		21A759EA2A93B4DA00B4A4FF /* HomeTableViewCell.swift */ = {isa = PBXFileReference; lastKnownFileType = sourcecode.swift; path = HomeTableViewCell.swift; sourceTree = "<group>"; };
		21A759EB2A93B4DA00B4A4FF /* HomeTableViewCell.xib */ = {isa = PBXFileReference; lastKnownFileType = file.xib; path = HomeTableViewCell.xib; sourceTree = "<group>"; };
		21A759F02A954BB400B4A4FF /* HomeViewModel.swift */ = {isa = PBXFileReference; lastKnownFileType = sourcecode.swift; path = HomeViewModel.swift; sourceTree = "<group>"; };
		21A759F32A954C5E00B4A4FF /* AppConfiguration.swift */ = {isa = PBXFileReference; lastKnownFileType = sourcecode.swift; path = AppConfiguration.swift; sourceTree = "<group>"; };
		21A759F72A954FA900B4A4FF /* HomeVCNetworking.swift */ = {isa = PBXFileReference; lastKnownFileType = sourcecode.swift; path = HomeVCNetworking.swift; sourceTree = "<group>"; };
		21A759F92A95501100B4A4FF /* HomeVCApi.swift */ = {isa = PBXFileReference; lastKnownFileType = sourcecode.swift; path = HomeVCApi.swift; sourceTree = "<group>"; };
		21A759FD2A9550CD00B4A4FF /* HomeTableViewCellViewModel.swift */ = {isa = PBXFileReference; lastKnownFileType = sourcecode.swift; path = HomeTableViewCellViewModel.swift; sourceTree = "<group>"; };
		28FD30241FAFE1D1980CF963 /* Pods_BrightskiesTaskTests.framework */ = {isa = PBXFileReference; explicitFileType = wrapper.framework; includeInIndex = 0; path = Pods_BrightskiesTaskTests.framework; sourceTree = BUILT_PRODUCTS_DIR; };
		2BFF9B7D482A0FCB9622C7CD /* Pods_BrightskiesTask_BrightskiesTaskUITests.framework */ = {isa = PBXFileReference; explicitFileType = wrapper.framework; includeInIndex = 0; path = Pods_BrightskiesTask_BrightskiesTaskUITests.framework; sourceTree = BUILT_PRODUCTS_DIR; };
		2F5E9CD727CA5B59BAAA77C8 /* Pods-BrightskiesTask.debug.xcconfig */ = {isa = PBXFileReference; includeInIndex = 1; lastKnownFileType = text.xcconfig; name = "Pods-BrightskiesTask.debug.xcconfig"; path = "Target Support Files/Pods-BrightskiesTask/Pods-BrightskiesTask.debug.xcconfig"; sourceTree = "<group>"; };
		46DA309235E17C9AD248BDF1 /* Pods-BrightskiesTask-BrightskiesTaskUITests.debug.xcconfig */ = {isa = PBXFileReference; includeInIndex = 1; lastKnownFileType = text.xcconfig; name = "Pods-BrightskiesTask-BrightskiesTaskUITests.debug.xcconfig"; path = "Target Support Files/Pods-BrightskiesTask-BrightskiesTaskUITests/Pods-BrightskiesTask-BrightskiesTaskUITests.debug.xcconfig"; sourceTree = "<group>"; };
		5D9CC36DB602BE0D73655BDA /* Pods-BrightskiesTaskTests.debug.xcconfig */ = {isa = PBXFileReference; includeInIndex = 1; lastKnownFileType = text.xcconfig; name = "Pods-BrightskiesTaskTests.debug.xcconfig"; path = "Target Support Files/Pods-BrightskiesTaskTests/Pods-BrightskiesTaskTests.debug.xcconfig"; sourceTree = "<group>"; };
		8556ABD6F81CF2508D6F92F5 /* Pods-BrightskiesTask-BrightskiesTaskUITests.release.xcconfig */ = {isa = PBXFileReference; includeInIndex = 1; lastKnownFileType = text.xcconfig; name = "Pods-BrightskiesTask-BrightskiesTaskUITests.release.xcconfig"; path = "Target Support Files/Pods-BrightskiesTask-BrightskiesTaskUITests/Pods-BrightskiesTask-BrightskiesTaskUITests.release.xcconfig"; sourceTree = "<group>"; };
		CD4F04B4B3788315679F7116 /* Pods-BrightskiesTaskTests.release.xcconfig */ = {isa = PBXFileReference; includeInIndex = 1; lastKnownFileType = text.xcconfig; name = "Pods-BrightskiesTaskTests.release.xcconfig"; path = "Target Support Files/Pods-BrightskiesTaskTests/Pods-BrightskiesTaskTests.release.xcconfig"; sourceTree = "<group>"; };
		D451AE0B3F758AE437815992 /* Pods_BrightskiesTask.framework */ = {isa = PBXFileReference; explicitFileType = wrapper.framework; includeInIndex = 0; path = Pods_BrightskiesTask.framework; sourceTree = BUILT_PRODUCTS_DIR; };
		F37BD6C758C52D3CEB63BEFD /* Pods-BrightskiesTask.release.xcconfig */ = {isa = PBXFileReference; includeInIndex = 1; lastKnownFileType = text.xcconfig; name = "Pods-BrightskiesTask.release.xcconfig"; path = "Target Support Files/Pods-BrightskiesTask/Pods-BrightskiesTask.release.xcconfig"; sourceTree = "<group>"; };
/* End PBXFileReference section */

/* Begin PBXFrameworksBuildPhase section */
		21A759792A9230E000B4A4FF /* Frameworks */ = {
			isa = PBXFrameworksBuildPhase;
			buildActionMask = 2147483647;
			files = (
				B5CD7C3F69FC938CDC868135 /* Pods_BrightskiesTask.framework in Frameworks */,
			);
			runOnlyForDeploymentPostprocessing = 0;
		};
		21A759922A9230E200B4A4FF /* Frameworks */ = {
			isa = PBXFrameworksBuildPhase;
			buildActionMask = 2147483647;
			files = (
				600E11974C6303ECC0BB50DE /* Pods_BrightskiesTaskTests.framework in Frameworks */,
			);
			runOnlyForDeploymentPostprocessing = 0;
		};
		21A7599C2A9230E200B4A4FF /* Frameworks */ = {
			isa = PBXFrameworksBuildPhase;
			buildActionMask = 2147483647;
			files = (
				EA6E2266A038EE574AECF8B2 /* Pods_BrightskiesTask_BrightskiesTaskUITests.framework in Frameworks */,
			);
			runOnlyForDeploymentPostprocessing = 0;
		};
/* End PBXFrameworksBuildPhase section */

/* Begin PBXGroup section */
		21232B352A960CBB0071C9CE /* Details */ = {
			isa = PBXGroup;
			children = (
			);
			path = Details;
			sourceTree = "<group>";
		};
		21A759732A9230E000B4A4FF = {
			isa = PBXGroup;
			children = (
				21A7597E2A9230E000B4A4FF /* BrightskiesTask */,
				21A759982A9230E200B4A4FF /* BrightskiesTaskTests */,
				21A759A22A9230E200B4A4FF /* BrightskiesTaskUITests */,
				21A7597D2A9230E000B4A4FF /* Products */,
				25482933A3D4AAAF58A17CA4 /* Pods */,
				5021D483927A3FE89047B7F7 /* Frameworks */,
			);
			sourceTree = "<group>";
		};
		21A7597D2A9230E000B4A4FF /* Products */ = {
			isa = PBXGroup;
			children = (
				21A7597C2A9230E000B4A4FF /* BrightskiesTask.app */,
				21A759952A9230E200B4A4FF /* BrightskiesTaskTests.xctest */,
				21A7599F2A9230E200B4A4FF /* BrightskiesTaskUITests.xctest */,
			);
			name = Products;
			sourceTree = "<group>";
		};
		21A7597E2A9230E000B4A4FF /* BrightskiesTask */ = {
			isa = PBXGroup;
			children = (
				21A759B22A92314B00B4A4FF /* Core */,
				21A759C42A923BA300B4A4FF /* Helpers */,
				21A759BE2A92355F00B4A4FF /* Networking */,
				21A759B42A92315C00B4A4FF /* Scenes */,
				21A759B32A92315300B4A4FF /* Extentions */,
				21A759B52A92317500B4A4FF /* Resources */,
				21A759902A9230E200B4A4FF /* Info.plist */,
				21A759882A9230E000B4A4FF /* BrightskiesTask.xcdatamodeld */,
			);
			path = BrightskiesTask;
			sourceTree = "<group>";
		};
		21A759982A9230E200B4A4FF /* BrightskiesTaskTests */ = {
			isa = PBXGroup;
			children = (
				21A759992A9230E200B4A4FF /* BrightskiesTaskTests.swift */,
			);
			path = BrightskiesTaskTests;
			sourceTree = "<group>";
		};
		21A759A22A9230E200B4A4FF /* BrightskiesTaskUITests */ = {
			isa = PBXGroup;
			children = (
				21A759A32A9230E200B4A4FF /* BrightskiesTaskUITests.swift */,
				21A759A52A9230E200B4A4FF /* BrightskiesTaskUITestsLaunchTests.swift */,
			);
			path = BrightskiesTaskUITests;
			sourceTree = "<group>";
		};
		21A759B22A92314B00B4A4FF /* Core */ = {
			isa = PBXGroup;
			children = (
				21A7597F2A9230E000B4A4FF /* AppDelegate.swift */,
				21A759812A9230E000B4A4FF /* SceneDelegate.swift */,
			);
			path = Core;
			sourceTree = "<group>";
		};
		21A759B32A92315300B4A4FF /* Extentions */ = {
			isa = PBXGroup;
			children = (
				21A759D42A92593900B4A4FF /* UIViewController + Extentions.swift */,
			);
			path = Extentions;
			sourceTree = "<group>";
		};
		21A759B42A92315C00B4A4FF /* Scenes */ = {
			isa = PBXGroup;
			children = (
				21A759B62A9231A300B4A4FF /* Splash */,
				21A759BC2A92320F00B4A4FF /* Login */,
				21A759BD2A92321700B4A4FF /* Favorites */,
				21A759BB2A9231EA00B4A4FF /* Home */,
				21232B352A960CBB0071C9CE /* Details */,
			);
			path = Scenes;
			sourceTree = "<group>";
		};
		21A759B52A92317500B4A4FF /* Resources */ = {
			isa = PBXGroup;
			children = (
				21A759C92A924D1D00B4A4FF /* Colors */,
				21A7598D2A9230E200B4A4FF /* LaunchScreen.storyboard */,
				21A7598B2A9230E200B4A4FF /* Assets.xcassets */,
				21A759C72A92486600B4A4FF /* Colors.xcassets */,
			);
			path = Resources;
			sourceTree = "<group>";
		};
		21A759B62A9231A300B4A4FF /* Splash */ = {
			isa = PBXGroup;
			children = (
				21A759CC2A924E6700B4A4FF /* View */,
			);
			path = Splash;
			sourceTree = "<group>";
		};
		21A759BB2A9231EA00B4A4FF /* Home */ = {
			isa = PBXGroup;
			children = (
				21A759E12A93B11A00B4A4FF /* ViewModel */,
				21A759E02A93B11400B4A4FF /* View */,
				21A759DF2A93B10D00B4A4FF /* Model */,
				21A759E92A93B4B500B4A4FF /* Cell */,
			);
			path = Home;
			sourceTree = "<group>";
		};
		21A759BC2A92320F00B4A4FF /* Login */ = {
			isa = PBXGroup;
			children = (
				21A759D32A9258FA00B4A4FF /* ViewModel */,
				21A759D22A9258E600B4A4FF /* View */,
			);
			path = Login;
			sourceTree = "<group>";
		};
		21A759BD2A92321700B4A4FF /* Favorites */ = {
			isa = PBXGroup;
			children = (
			);
			path = Favorites;
			sourceTree = "<group>";
		};
		21A759BE2A92355F00B4A4FF /* Networking */ = {
			isa = PBXGroup;
			children = (
				21A759F62A954F8100B4A4FF /* HomeVCApi */,
				21A759F22A954C2600B4A4FF /* Appconfiguration */,
				21A759BF2A92356C00B4A4FF /* Base */,
			);
			path = Networking;
			sourceTree = "<group>";
		};
		21A759BF2A92356C00B4A4FF /* Base */ = {
			isa = PBXGroup;
			children = (
				21A759C02A92359300B4A4FF /* BaseApi.swift */,
				21A759C22A923B0600B4A4FF /* TargetType.swift */,
			);
			path = Base;
			sourceTree = "<group>";
		};
		21A759C42A923BA300B4A4FF /* Helpers */ = {
			isa = PBXGroup;
			children = (
				21A759C52A923BD200B4A4FF /* internetConnections.swift */,
				21A759D02A9257CD00B4A4FF /* Observable.swift */,
			);
			path = Helpers;
			sourceTree = "<group>";
		};
		21A759C92A924D1D00B4A4FF /* Colors */ = {
			isa = PBXGroup;
			children = (
				21A759CA2A924D2D00B4A4FF /* Colors.swift */,
			);
			path = Colors;
			sourceTree = "<group>";
		};
		21A759CC2A924E6700B4A4FF /* View */ = {
			isa = PBXGroup;
			children = (
				21A759B72A9231C500B4A4FF /* SplashVC.swift */,
				21A759B82A9231C500B4A4FF /* SplashVC.xib */,
			);
			path = View;
			sourceTree = "<group>";
		};
		21A759D22A9258E600B4A4FF /* View */ = {
			isa = PBXGroup;
			children = (
				21A759D72A927F9D00B4A4FF /* LoginVC.swift */,
				21A759D82A927F9D00B4A4FF /* LoginVC.xib */,
			);
			path = View;
			sourceTree = "<group>";
		};
		21A759D32A9258FA00B4A4FF /* ViewModel */ = {
			isa = PBXGroup;
			children = (
				21A759DD2A937A6A00B4A4FF /* LoginVCViewModel.swift */,
			);
			path = ViewModel;
			sourceTree = "<group>";
		};
		21A759DF2A93B10D00B4A4FF /* Model */ = {
			isa = PBXGroup;
			children = (
				21A759E32A93B13F00B4A4FF /* HomeDataModel.swift */,
			);
			path = Model;
			sourceTree = "<group>";
		};
		21A759E02A93B11400B4A4FF /* View */ = {
			isa = PBXGroup;
			children = (
				21A759E52A93B47000B4A4FF /* HomeVC.swift */,
				21A759E62A93B47000B4A4FF /* HomeVC.xib */,
			);
			path = View;
			sourceTree = "<group>";
		};
		21A759E12A93B11A00B4A4FF /* ViewModel */ = {
			isa = PBXGroup;
			children = (
				21A759F02A954BB400B4A4FF /* HomeViewModel.swift */,
			);
			path = ViewModel;
			sourceTree = "<group>";
		};
		21A759E92A93B4B500B4A4FF /* Cell */ = {
			isa = PBXGroup;
			children = (
				21A759FC2A9550A000B4A4FF /* ViewModel */,
				21A759FB2A95509900B4A4FF /* View */,
			);
			path = Cell;
			sourceTree = "<group>";
		};
		21A759F22A954C2600B4A4FF /* Appconfiguration */ = {
			isa = PBXGroup;
			children = (
				21A759F32A954C5E00B4A4FF /* AppConfiguration.swift */,
			);
			path = Appconfiguration;
			sourceTree = "<group>";
		};
		21A759F62A954F8100B4A4FF /* HomeVCApi */ = {
			isa = PBXGroup;
			children = (
				21A759F72A954FA900B4A4FF /* HomeVCNetworking.swift */,
				21A759F92A95501100B4A4FF /* HomeVCApi.swift */,
			);
			path = HomeVCApi;
			sourceTree = "<group>";
		};
		21A759FB2A95509900B4A4FF /* View */ = {
			isa = PBXGroup;
			children = (
				21A759EB2A93B4DA00B4A4FF /* HomeTableViewCell.xib */,
				21A759EA2A93B4DA00B4A4FF /* HomeTableViewCell.swift */,
			);
			path = View;
			sourceTree = "<group>";
		};
		21A759FC2A9550A000B4A4FF /* ViewModel */ = {
			isa = PBXGroup;
			children = (
				21A759FD2A9550CD00B4A4FF /* HomeTableViewCellViewModel.swift */,
			);
			path = ViewModel;
			sourceTree = "<group>";
		};
		25482933A3D4AAAF58A17CA4 /* Pods */ = {
			isa = PBXGroup;
			children = (
				2F5E9CD727CA5B59BAAA77C8 /* Pods-BrightskiesTask.debug.xcconfig */,
				F37BD6C758C52D3CEB63BEFD /* Pods-BrightskiesTask.release.xcconfig */,
				46DA309235E17C9AD248BDF1 /* Pods-BrightskiesTask-BrightskiesTaskUITests.debug.xcconfig */,
				8556ABD6F81CF2508D6F92F5 /* Pods-BrightskiesTask-BrightskiesTaskUITests.release.xcconfig */,
				5D9CC36DB602BE0D73655BDA /* Pods-BrightskiesTaskTests.debug.xcconfig */,
				CD4F04B4B3788315679F7116 /* Pods-BrightskiesTaskTests.release.xcconfig */,
			);
			path = Pods;
			sourceTree = "<group>";
		};
		5021D483927A3FE89047B7F7 /* Frameworks */ = {
			isa = PBXGroup;
			children = (
				D451AE0B3F758AE437815992 /* Pods_BrightskiesTask.framework */,
				2BFF9B7D482A0FCB9622C7CD /* Pods_BrightskiesTask_BrightskiesTaskUITests.framework */,
				28FD30241FAFE1D1980CF963 /* Pods_BrightskiesTaskTests.framework */,
			);
			name = Frameworks;
			sourceTree = "<group>";
		};
/* End PBXGroup section */

/* Begin PBXNativeTarget section */
		21A7597B2A9230E000B4A4FF /* BrightskiesTask */ = {
			isa = PBXNativeTarget;
			buildConfigurationList = 21A759A92A9230E200B4A4FF /* Build configuration list for PBXNativeTarget "BrightskiesTask" */;
			buildPhases = (
				49AB73AA9E0478F117C73E40 /* [CP] Check Pods Manifest.lock */,
				21A759782A9230E000B4A4FF /* Sources */,
				21A759792A9230E000B4A4FF /* Frameworks */,
				21A7597A2A9230E000B4A4FF /* Resources */,
				4BC9B8DA04927AEAA0EB24BD /* [CP] Embed Pods Frameworks */,
			);
			buildRules = (
			);
			dependencies = (
			);
			name = BrightskiesTask;
			productName = BrightskiesTask;
			productReference = 21A7597C2A9230E000B4A4FF /* BrightskiesTask.app */;
			productType = "com.apple.product-type.application";
		};
		21A759942A9230E200B4A4FF /* BrightskiesTaskTests */ = {
			isa = PBXNativeTarget;
			buildConfigurationList = 21A759AC2A9230E200B4A4FF /* Build configuration list for PBXNativeTarget "BrightskiesTaskTests" */;
			buildPhases = (
				34AF71B47E522B88C5728153 /* [CP] Check Pods Manifest.lock */,
				21A759912A9230E200B4A4FF /* Sources */,
				21A759922A9230E200B4A4FF /* Frameworks */,
				21A759932A9230E200B4A4FF /* Resources */,
			);
			buildRules = (
			);
			dependencies = (
				21A759972A9230E200B4A4FF /* PBXTargetDependency */,
			);
			name = BrightskiesTaskTests;
			productName = BrightskiesTaskTests;
			productReference = 21A759952A9230E200B4A4FF /* BrightskiesTaskTests.xctest */;
			productType = "com.apple.product-type.bundle.unit-test";
		};
		21A7599E2A9230E200B4A4FF /* BrightskiesTaskUITests */ = {
			isa = PBXNativeTarget;
			buildConfigurationList = 21A759AF2A9230E200B4A4FF /* Build configuration list for PBXNativeTarget "BrightskiesTaskUITests" */;
			buildPhases = (
				88EA2D564134859CFF484FC7 /* [CP] Check Pods Manifest.lock */,
				21A7599B2A9230E200B4A4FF /* Sources */,
				21A7599C2A9230E200B4A4FF /* Frameworks */,
				21A7599D2A9230E200B4A4FF /* Resources */,
				8F5B2DF5F5780354237CD857 /* [CP] Embed Pods Frameworks */,
			);
			buildRules = (
			);
			dependencies = (
				21A759A12A9230E200B4A4FF /* PBXTargetDependency */,
			);
			name = BrightskiesTaskUITests;
			productName = BrightskiesTaskUITests;
			productReference = 21A7599F2A9230E200B4A4FF /* BrightskiesTaskUITests.xctest */;
			productType = "com.apple.product-type.bundle.ui-testing";
		};
/* End PBXNativeTarget section */

/* Begin PBXProject section */
		21A759742A9230E000B4A4FF /* Project object */ = {
			isa = PBXProject;
			attributes = {
				BuildIndependentTargetsInParallel = 1;
				LastSwiftUpdateCheck = 1430;
				LastUpgradeCheck = 1430;
				TargetAttributes = {
					21A7597B2A9230E000B4A4FF = {
						CreatedOnToolsVersion = 14.3;
					};
					21A759942A9230E200B4A4FF = {
						CreatedOnToolsVersion = 14.3;
						TestTargetID = 21A7597B2A9230E000B4A4FF;
					};
					21A7599E2A9230E200B4A4FF = {
						CreatedOnToolsVersion = 14.3;
						TestTargetID = 21A7597B2A9230E000B4A4FF;
					};
				};
			};
			buildConfigurationList = 21A759772A9230E000B4A4FF /* Build configuration list for PBXProject "BrightskiesTask" */;
			compatibilityVersion = "Xcode 14.0";
			developmentRegion = en;
			hasScannedForEncodings = 0;
			knownRegions = (
				en,
				Base,
			);
			mainGroup = 21A759732A9230E000B4A4FF;
			productRefGroup = 21A7597D2A9230E000B4A4FF /* Products */;
			projectDirPath = "";
			projectRoot = "";
			targets = (
				21A7597B2A9230E000B4A4FF /* BrightskiesTask */,
				21A759942A9230E200B4A4FF /* BrightskiesTaskTests */,
				21A7599E2A9230E200B4A4FF /* BrightskiesTaskUITests */,
			);
		};
/* End PBXProject section */

/* Begin PBXResourcesBuildPhase section */
		21A7597A2A9230E000B4A4FF /* Resources */ = {
			isa = PBXResourcesBuildPhase;
			buildActionMask = 2147483647;
			files = (
				21A759DA2A927F9D00B4A4FF /* LoginVC.xib in Resources */,
				21A759ED2A93B4DA00B4A4FF /* HomeTableViewCell.xib in Resources */,
				21A759E82A93B47000B4A4FF /* HomeVC.xib in Resources */,
				21A759BA2A9231C500B4A4FF /* SplashVC.xib in Resources */,
				21A759C82A92486600B4A4FF /* Colors.xcassets in Resources */,
				21A7598F2A9230E200B4A4FF /* LaunchScreen.storyboard in Resources */,
				21A7598C2A9230E200B4A4FF /* Assets.xcassets in Resources */,
			);
			runOnlyForDeploymentPostprocessing = 0;
		};
		21A759932A9230E200B4A4FF /* Resources */ = {
			isa = PBXResourcesBuildPhase;
			buildActionMask = 2147483647;
			files = (
			);
			runOnlyForDeploymentPostprocessing = 0;
		};
		21A7599D2A9230E200B4A4FF /* Resources */ = {
			isa = PBXResourcesBuildPhase;
			buildActionMask = 2147483647;
			files = (
			);
			runOnlyForDeploymentPostprocessing = 0;
		};
/* End PBXResourcesBuildPhase section */

/* Begin PBXShellScriptBuildPhase section */
		34AF71B47E522B88C5728153 /* [CP] Check Pods Manifest.lock */ = {
			isa = PBXShellScriptBuildPhase;
			buildActionMask = 2147483647;
			files = (
			);
			inputFileListPaths = (
			);
			inputPaths = (
				"${PODS_PODFILE_DIR_PATH}/Podfile.lock",
				"${PODS_ROOT}/Manifest.lock",
			);
			name = "[CP] Check Pods Manifest.lock";
			outputFileListPaths = (
			);
			outputPaths = (
				"$(DERIVED_FILE_DIR)/Pods-BrightskiesTaskTests-checkManifestLockResult.txt",
			);
			runOnlyForDeploymentPostprocessing = 0;
			shellPath = /bin/sh;
			shellScript = "diff \"${PODS_PODFILE_DIR_PATH}/Podfile.lock\" \"${PODS_ROOT}/Manifest.lock\" > /dev/null\nif [ $? != 0 ] ; then\n    # print error to STDERR\n    echo \"error: The sandbox is not in sync with the Podfile.lock. Run 'pod install' or update your CocoaPods installation.\" >&2\n    exit 1\nfi\n# This output is used by Xcode 'outputs' to avoid re-running this script phase.\necho \"SUCCESS\" > \"${SCRIPT_OUTPUT_FILE_0}\"\n";
			showEnvVarsInLog = 0;
		};
		49AB73AA9E0478F117C73E40 /* [CP] Check Pods Manifest.lock */ = {
			isa = PBXShellScriptBuildPhase;
			buildActionMask = 2147483647;
			files = (
			);
			inputFileListPaths = (
			);
			inputPaths = (
				"${PODS_PODFILE_DIR_PATH}/Podfile.lock",
				"${PODS_ROOT}/Manifest.lock",
			);
			name = "[CP] Check Pods Manifest.lock";
			outputFileListPaths = (
			);
			outputPaths = (
				"$(DERIVED_FILE_DIR)/Pods-BrightskiesTask-checkManifestLockResult.txt",
			);
			runOnlyForDeploymentPostprocessing = 0;
			shellPath = /bin/sh;
			shellScript = "diff \"${PODS_PODFILE_DIR_PATH}/Podfile.lock\" \"${PODS_ROOT}/Manifest.lock\" > /dev/null\nif [ $? != 0 ] ; then\n    # print error to STDERR\n    echo \"error: The sandbox is not in sync with the Podfile.lock. Run 'pod install' or update your CocoaPods installation.\" >&2\n    exit 1\nfi\n# This output is used by Xcode 'outputs' to avoid re-running this script phase.\necho \"SUCCESS\" > \"${SCRIPT_OUTPUT_FILE_0}\"\n";
			showEnvVarsInLog = 0;
		};
		4BC9B8DA04927AEAA0EB24BD /* [CP] Embed Pods Frameworks */ = {
			isa = PBXShellScriptBuildPhase;
			buildActionMask = 2147483647;
			files = (
			);
			inputFileListPaths = (
				"${PODS_ROOT}/Target Support Files/Pods-BrightskiesTask/Pods-BrightskiesTask-frameworks-${CONFIGURATION}-input-files.xcfilelist",
			);
			name = "[CP] Embed Pods Frameworks";
			outputFileListPaths = (
				"${PODS_ROOT}/Target Support Files/Pods-BrightskiesTask/Pods-BrightskiesTask-frameworks-${CONFIGURATION}-output-files.xcfilelist",
			);
			runOnlyForDeploymentPostprocessing = 0;
			shellPath = /bin/sh;
			shellScript = "\"${PODS_ROOT}/Target Support Files/Pods-BrightskiesTask/Pods-BrightskiesTask-frameworks.sh\"\n";
			showEnvVarsInLog = 0;
		};
		88EA2D564134859CFF484FC7 /* [CP] Check Pods Manifest.lock */ = {
			isa = PBXShellScriptBuildPhase;
			buildActionMask = 2147483647;
			files = (
			);
			inputFileListPaths = (
			);
			inputPaths = (
				"${PODS_PODFILE_DIR_PATH}/Podfile.lock",
				"${PODS_ROOT}/Manifest.lock",
			);
			name = "[CP] Check Pods Manifest.lock";
			outputFileListPaths = (
			);
			outputPaths = (
				"$(DERIVED_FILE_DIR)/Pods-BrightskiesTask-BrightskiesTaskUITests-checkManifestLockResult.txt",
			);
			runOnlyForDeploymentPostprocessing = 0;
			shellPath = /bin/sh;
			shellScript = "diff \"${PODS_PODFILE_DIR_PATH}/Podfile.lock\" \"${PODS_ROOT}/Manifest.lock\" > /dev/null\nif [ $? != 0 ] ; then\n    # print error to STDERR\n    echo \"error: The sandbox is not in sync with the Podfile.lock. Run 'pod install' or update your CocoaPods installation.\" >&2\n    exit 1\nfi\n# This output is used by Xcode 'outputs' to avoid re-running this script phase.\necho \"SUCCESS\" > \"${SCRIPT_OUTPUT_FILE_0}\"\n";
			showEnvVarsInLog = 0;
		};
		8F5B2DF5F5780354237CD857 /* [CP] Embed Pods Frameworks */ = {
			isa = PBXShellScriptBuildPhase;
			buildActionMask = 2147483647;
			files = (
			);
			inputFileListPaths = (
				"${PODS_ROOT}/Target Support Files/Pods-BrightskiesTask-BrightskiesTaskUITests/Pods-BrightskiesTask-BrightskiesTaskUITests-frameworks-${CONFIGURATION}-input-files.xcfilelist",
			);
			name = "[CP] Embed Pods Frameworks";
			outputFileListPaths = (
				"${PODS_ROOT}/Target Support Files/Pods-BrightskiesTask-BrightskiesTaskUITests/Pods-BrightskiesTask-BrightskiesTaskUITests-frameworks-${CONFIGURATION}-output-files.xcfilelist",
			);
			runOnlyForDeploymentPostprocessing = 0;
			shellPath = /bin/sh;
			shellScript = "\"${PODS_ROOT}/Target Support Files/Pods-BrightskiesTask-BrightskiesTaskUITests/Pods-BrightskiesTask-BrightskiesTaskUITests-frameworks.sh\"\n";
			showEnvVarsInLog = 0;
		};
/* End PBXShellScriptBuildPhase section */

/* Begin PBXSourcesBuildPhase section */
		21A759782A9230E000B4A4FF /* Sources */ = {
			isa = PBXSourcesBuildPhase;
			buildActionMask = 2147483647;
			files = (
				21A759D92A927F9D00B4A4FF /* LoginVC.swift in Sources */,
				21A759E72A93B47000B4A4FF /* HomeVC.swift in Sources */,
				21A759C32A923B0600B4A4FF /* TargetType.swift in Sources */,
				21A759F42A954C5E00B4A4FF /* AppConfiguration.swift in Sources */,
				21A759FA2A95501100B4A4FF /* HomeVCApi.swift in Sources */,
				21A759CB2A924D2D00B4A4FF /* Colors.swift in Sources */,
				21A759FE2A9550CD00B4A4FF /* HomeTableViewCellViewModel.swift in Sources */,
				21A759DE2A937A6A00B4A4FF /* LoginVCViewModel.swift in Sources */,
				21A759802A9230E000B4A4FF /* AppDelegate.swift in Sources */,
				21A759EC2A93B4DA00B4A4FF /* HomeTableViewCell.swift in Sources */,
				21A759C62A923BD200B4A4FF /* internetConnections.swift in Sources */,
				21A759D12A9257CD00B4A4FF /* Observable.swift in Sources */,
				21A759E42A93B13F00B4A4FF /* HomeDataModel.swift in Sources */,
				21A759D52A92593900B4A4FF /* UIViewController + Extentions.swift in Sources */,
				21A759B92A9231C500B4A4FF /* SplashVC.swift in Sources */,
				21A7598A2A9230E000B4A4FF /* BrightskiesTask.xcdatamodeld in Sources */,
				21A759C12A92359300B4A4FF /* BaseApi.swift in Sources */,
				21A759F12A954BB400B4A4FF /* HomeViewModel.swift in Sources */,
				21A759822A9230E000B4A4FF /* SceneDelegate.swift in Sources */,
				21A759F82A954FA900B4A4FF /* HomeVCNetworking.swift in Sources */,
			);
			runOnlyForDeploymentPostprocessing = 0;
		};
		21A759912A9230E200B4A4FF /* Sources */ = {
			isa = PBXSourcesBuildPhase;
			buildActionMask = 2147483647;
			files = (
				21A7599A2A9230E200B4A4FF /* BrightskiesTaskTests.swift in Sources */,
			);
			runOnlyForDeploymentPostprocessing = 0;
		};
		21A7599B2A9230E200B4A4FF /* Sources */ = {
			isa = PBXSourcesBuildPhase;
			buildActionMask = 2147483647;
			files = (
				21A759A42A9230E200B4A4FF /* BrightskiesTaskUITests.swift in Sources */,
				21A759A62A9230E200B4A4FF /* BrightskiesTaskUITestsLaunchTests.swift in Sources */,
			);
			runOnlyForDeploymentPostprocessing = 0;
		};
/* End PBXSourcesBuildPhase section */

/* Begin PBXTargetDependency section */
		21A759972A9230E200B4A4FF /* PBXTargetDependency */ = {
			isa = PBXTargetDependency;
			target = 21A7597B2A9230E000B4A4FF /* BrightskiesTask */;
			targetProxy = 21A759962A9230E200B4A4FF /* PBXContainerItemProxy */;
		};
		21A759A12A9230E200B4A4FF /* PBXTargetDependency */ = {
			isa = PBXTargetDependency;
			target = 21A7597B2A9230E000B4A4FF /* BrightskiesTask */;
			targetProxy = 21A759A02A9230E200B4A4FF /* PBXContainerItemProxy */;
		};
/* End PBXTargetDependency section */

/* Begin PBXVariantGroup section */
		21A7598D2A9230E200B4A4FF /* LaunchScreen.storyboard */ = {
			isa = PBXVariantGroup;
			children = (
				21A7598E2A9230E200B4A4FF /* Base */,
			);
			name = LaunchScreen.storyboard;
			sourceTree = "<group>";
		};
/* End PBXVariantGroup section */

/* Begin XCBuildConfiguration section */
		21A759A72A9230E200B4A4FF /* Debug */ = {
			isa = XCBuildConfiguration;
			buildSettings = {
				ALWAYS_SEARCH_USER_PATHS = NO;
				CLANG_ANALYZER_NONNULL = YES;
				CLANG_ANALYZER_NUMBER_OBJECT_CONVERSION = YES_AGGRESSIVE;
				CLANG_CXX_LANGUAGE_STANDARD = "gnu++20";
				CLANG_ENABLE_MODULES = YES;
				CLANG_ENABLE_OBJC_ARC = YES;
				CLANG_ENABLE_OBJC_WEAK = YES;
				CLANG_WARN_BLOCK_CAPTURE_AUTORELEASING = YES;
				CLANG_WARN_BOOL_CONVERSION = YES;
				CLANG_WARN_COMMA = YES;
				CLANG_WARN_CONSTANT_CONVERSION = YES;
				CLANG_WARN_DEPRECATED_OBJC_IMPLEMENTATIONS = YES;
				CLANG_WARN_DIRECT_OBJC_ISA_USAGE = YES_ERROR;
				CLANG_WARN_DOCUMENTATION_COMMENTS = YES;
				CLANG_WARN_EMPTY_BODY = YES;
				CLANG_WARN_ENUM_CONVERSION = YES;
				CLANG_WARN_INFINITE_RECURSION = YES;
				CLANG_WARN_INT_CONVERSION = YES;
				CLANG_WARN_NON_LITERAL_NULL_CONVERSION = YES;
				CLANG_WARN_OBJC_IMPLICIT_RETAIN_SELF = YES;
				CLANG_WARN_OBJC_LITERAL_CONVERSION = YES;
				CLANG_WARN_OBJC_ROOT_CLASS = YES_ERROR;
				CLANG_WARN_QUOTED_INCLUDE_IN_FRAMEWORK_HEADER = YES;
				CLANG_WARN_RANGE_LOOP_ANALYSIS = YES;
				CLANG_WARN_STRICT_PROTOTYPES = YES;
				CLANG_WARN_SUSPICIOUS_MOVE = YES;
				CLANG_WARN_UNGUARDED_AVAILABILITY = YES_AGGRESSIVE;
				CLANG_WARN_UNREACHABLE_CODE = YES;
				CLANG_WARN__DUPLICATE_METHOD_MATCH = YES;
				COPY_PHASE_STRIP = NO;
				DEBUG_INFORMATION_FORMAT = dwarf;
				ENABLE_STRICT_OBJC_MSGSEND = YES;
				ENABLE_TESTABILITY = YES;
				GCC_C_LANGUAGE_STANDARD = gnu11;
				GCC_DYNAMIC_NO_PIC = NO;
				GCC_NO_COMMON_BLOCKS = YES;
				GCC_OPTIMIZATION_LEVEL = 0;
				GCC_PREPROCESSOR_DEFINITIONS = (
					"DEBUG=1",
					"$(inherited)",
				);
				GCC_WARN_64_TO_32_BIT_CONVERSION = YES;
				GCC_WARN_ABOUT_RETURN_TYPE = YES_ERROR;
				GCC_WARN_UNDECLARED_SELECTOR = YES;
				GCC_WARN_UNINITIALIZED_AUTOS = YES_AGGRESSIVE;
				GCC_WARN_UNUSED_FUNCTION = YES;
				GCC_WARN_UNUSED_VARIABLE = YES;
				IPHONEOS_DEPLOYMENT_TARGET = 16.4;
				MTL_ENABLE_DEBUG_INFO = INCLUDE_SOURCE;
				MTL_FAST_MATH = YES;
				ONLY_ACTIVE_ARCH = YES;
				SDKROOT = iphoneos;
				SWIFT_ACTIVE_COMPILATION_CONDITIONS = DEBUG;
				SWIFT_OPTIMIZATION_LEVEL = "-Onone";
			};
			name = Debug;
		};
		21A759A82A9230E200B4A4FF /* Release */ = {
			isa = XCBuildConfiguration;
			buildSettings = {
				ALWAYS_SEARCH_USER_PATHS = NO;
				CLANG_ANALYZER_NONNULL = YES;
				CLANG_ANALYZER_NUMBER_OBJECT_CONVERSION = YES_AGGRESSIVE;
				CLANG_CXX_LANGUAGE_STANDARD = "gnu++20";
				CLANG_ENABLE_MODULES = YES;
				CLANG_ENABLE_OBJC_ARC = YES;
				CLANG_ENABLE_OBJC_WEAK = YES;
				CLANG_WARN_BLOCK_CAPTURE_AUTORELEASING = YES;
				CLANG_WARN_BOOL_CONVERSION = YES;
				CLANG_WARN_COMMA = YES;
				CLANG_WARN_CONSTANT_CONVERSION = YES;
				CLANG_WARN_DEPRECATED_OBJC_IMPLEMENTATIONS = YES;
				CLANG_WARN_DIRECT_OBJC_ISA_USAGE = YES_ERROR;
				CLANG_WARN_DOCUMENTATION_COMMENTS = YES;
				CLANG_WARN_EMPTY_BODY = YES;
				CLANG_WARN_ENUM_CONVERSION = YES;
				CLANG_WARN_INFINITE_RECURSION = YES;
				CLANG_WARN_INT_CONVERSION = YES;
				CLANG_WARN_NON_LITERAL_NULL_CONVERSION = YES;
				CLANG_WARN_OBJC_IMPLICIT_RETAIN_SELF = YES;
				CLANG_WARN_OBJC_LITERAL_CONVERSION = YES;
				CLANG_WARN_OBJC_ROOT_CLASS = YES_ERROR;
				CLANG_WARN_QUOTED_INCLUDE_IN_FRAMEWORK_HEADER = YES;
				CLANG_WARN_RANGE_LOOP_ANALYSIS = YES;
				CLANG_WARN_STRICT_PROTOTYPES = YES;
				CLANG_WARN_SUSPICIOUS_MOVE = YES;
				CLANG_WARN_UNGUARDED_AVAILABILITY = YES_AGGRESSIVE;
				CLANG_WARN_UNREACHABLE_CODE = YES;
				CLANG_WARN__DUPLICATE_METHOD_MATCH = YES;
				COPY_PHASE_STRIP = NO;
				DEBUG_INFORMATION_FORMAT = "dwarf-with-dsym";
				ENABLE_NS_ASSERTIONS = NO;
				ENABLE_STRICT_OBJC_MSGSEND = YES;
				GCC_C_LANGUAGE_STANDARD = gnu11;
				GCC_NO_COMMON_BLOCKS = YES;
				GCC_WARN_64_TO_32_BIT_CONVERSION = YES;
				GCC_WARN_ABOUT_RETURN_TYPE = YES_ERROR;
				GCC_WARN_UNDECLARED_SELECTOR = YES;
				GCC_WARN_UNINITIALIZED_AUTOS = YES_AGGRESSIVE;
				GCC_WARN_UNUSED_FUNCTION = YES;
				GCC_WARN_UNUSED_VARIABLE = YES;
				IPHONEOS_DEPLOYMENT_TARGET = 16.4;
				MTL_ENABLE_DEBUG_INFO = NO;
				MTL_FAST_MATH = YES;
				SDKROOT = iphoneos;
				SWIFT_COMPILATION_MODE = wholemodule;
				SWIFT_OPTIMIZATION_LEVEL = "-O";
				VALIDATE_PRODUCT = YES;
			};
			name = Release;
		};
		21A759AA2A9230E200B4A4FF /* Debug */ = {
			isa = XCBuildConfiguration;
			baseConfigurationReference = 2F5E9CD727CA5B59BAAA77C8 /* Pods-BrightskiesTask.debug.xcconfig */;
			buildSettings = {
				ASSETCATALOG_COMPILER_APPICON_NAME = AppIcon;
				ASSETCATALOG_COMPILER_GLOBAL_ACCENT_COLOR_NAME = AccentColor;
				CODE_SIGN_STYLE = Automatic;
				CURRENT_PROJECT_VERSION = 1;
				DEVELOPMENT_TEAM = NU3L58K3P3;
				GENERATE_INFOPLIST_FILE = YES;
				INFOPLIST_FILE = BrightskiesTask/Info.plist;
				INFOPLIST_KEY_UIApplicationSupportsIndirectInputEvents = YES;
				INFOPLIST_KEY_UILaunchStoryboardName = LaunchScreen;
				INFOPLIST_KEY_UISupportedInterfaceOrientations_iPad = "UIInterfaceOrientationPortrait UIInterfaceOrientationPortraitUpsideDown UIInterfaceOrientationLandscapeLeft UIInterfaceOrientationLandscapeRight";
				INFOPLIST_KEY_UISupportedInterfaceOrientations_iPhone = "UIInterfaceOrientationPortrait UIInterfaceOrientationLandscapeLeft UIInterfaceOrientationLandscapeRight";
				IPHONEOS_DEPLOYMENT_TARGET = 13.0;
				LD_RUNPATH_SEARCH_PATHS = (
					"$(inherited)",
					"@executable_path/Frameworks",
				);
				MARKETING_VERSION = 1.0;
				PRODUCT_BUNDLE_IDENTIFIER = com.ahmed.BrightskiesTask;
				PRODUCT_NAME = "$(TARGET_NAME)";
				SWIFT_EMIT_LOC_STRINGS = YES;
				SWIFT_VERSION = 5.0;
				TARGETED_DEVICE_FAMILY = "1,2";
			};
			name = Debug;
		};
		21A759AB2A9230E200B4A4FF /* Release */ = {
			isa = XCBuildConfiguration;
			baseConfigurationReference = F37BD6C758C52D3CEB63BEFD /* Pods-BrightskiesTask.release.xcconfig */;
			buildSettings = {
				ASSETCATALOG_COMPILER_APPICON_NAME = AppIcon;
				ASSETCATALOG_COMPILER_GLOBAL_ACCENT_COLOR_NAME = AccentColor;
				CODE_SIGN_STYLE = Automatic;
				CURRENT_PROJECT_VERSION = 1;
				DEVELOPMENT_TEAM = NU3L58K3P3;
				GENERATE_INFOPLIST_FILE = YES;
				INFOPLIST_FILE = BrightskiesTask/Info.plist;
				INFOPLIST_KEY_UIApplicationSupportsIndirectInputEvents = YES;
				INFOPLIST_KEY_UILaunchStoryboardName = LaunchScreen;
				INFOPLIST_KEY_UISupportedInterfaceOrientations_iPad = "UIInterfaceOrientationPortrait UIInterfaceOrientationPortraitUpsideDown UIInterfaceOrientationLandscapeLeft UIInterfaceOrientationLandscapeRight";
				INFOPLIST_KEY_UISupportedInterfaceOrientations_iPhone = "UIInterfaceOrientationPortrait UIInterfaceOrientationLandscapeLeft UIInterfaceOrientationLandscapeRight";
				IPHONEOS_DEPLOYMENT_TARGET = 13.0;
				LD_RUNPATH_SEARCH_PATHS = (
					"$(inherited)",
					"@executable_path/Frameworks",
				);
				MARKETING_VERSION = 1.0;
				PRODUCT_BUNDLE_IDENTIFIER = com.ahmed.BrightskiesTask;
				PRODUCT_NAME = "$(TARGET_NAME)";
				SWIFT_EMIT_LOC_STRINGS = YES;
				SWIFT_VERSION = 5.0;
				TARGETED_DEVICE_FAMILY = "1,2";
			};
			name = Release;
		};
		21A759AD2A9230E200B4A4FF /* Debug */ = {
			isa = XCBuildConfiguration;
			baseConfigurationReference = 5D9CC36DB602BE0D73655BDA /* Pods-BrightskiesTaskTests.debug.xcconfig */;
			buildSettings = {
				ALWAYS_EMBED_SWIFT_STANDARD_LIBRARIES = YES;
				BUNDLE_LOADER = "$(TEST_HOST)";
				CODE_SIGN_STYLE = Automatic;
				CURRENT_PROJECT_VERSION = 1;
				DEVELOPMENT_TEAM = NU3L58K3P3;
				GENERATE_INFOPLIST_FILE = YES;
				IPHONEOS_DEPLOYMENT_TARGET = 16.4;
				MARKETING_VERSION = 1.0;
				PRODUCT_BUNDLE_IDENTIFIER = com.ahmed.BrightskiesTaskTests;
				PRODUCT_NAME = "$(TARGET_NAME)";
				SWIFT_EMIT_LOC_STRINGS = NO;
				SWIFT_VERSION = 5.0;
				TARGETED_DEVICE_FAMILY = "1,2";
				TEST_HOST = "$(BUILT_PRODUCTS_DIR)/BrightskiesTask.app/$(BUNDLE_EXECUTABLE_FOLDER_PATH)/BrightskiesTask";
			};
			name = Debug;
		};
		21A759AE2A9230E200B4A4FF /* Release */ = {
			isa = XCBuildConfiguration;
			baseConfigurationReference = CD4F04B4B3788315679F7116 /* Pods-BrightskiesTaskTests.release.xcconfig */;
			buildSettings = {
				ALWAYS_EMBED_SWIFT_STANDARD_LIBRARIES = YES;
				BUNDLE_LOADER = "$(TEST_HOST)";
				CODE_SIGN_STYLE = Automatic;
				CURRENT_PROJECT_VERSION = 1;
				DEVELOPMENT_TEAM = NU3L58K3P3;
				GENERATE_INFOPLIST_FILE = YES;
				IPHONEOS_DEPLOYMENT_TARGET = 16.4;
				MARKETING_VERSION = 1.0;
				PRODUCT_BUNDLE_IDENTIFIER = com.ahmed.BrightskiesTaskTests;
				PRODUCT_NAME = "$(TARGET_NAME)";
				SWIFT_EMIT_LOC_STRINGS = NO;
				SWIFT_VERSION = 5.0;
				TARGETED_DEVICE_FAMILY = "1,2";
				TEST_HOST = "$(BUILT_PRODUCTS_DIR)/BrightskiesTask.app/$(BUNDLE_EXECUTABLE_FOLDER_PATH)/BrightskiesTask";
			};
			name = Release;
		};
		21A759B02A9230E200B4A4FF /* Debug */ = {
			isa = XCBuildConfiguration;
			baseConfigurationReference = 46DA309235E17C9AD248BDF1 /* Pods-BrightskiesTask-BrightskiesTaskUITests.debug.xcconfig */;
			buildSettings = {
				ALWAYS_EMBED_SWIFT_STANDARD_LIBRARIES = YES;
				CODE_SIGN_STYLE = Automatic;
				CURRENT_PROJECT_VERSION = 1;
				DEVELOPMENT_TEAM = NU3L58K3P3;
				GENERATE_INFOPLIST_FILE = YES;
				MARKETING_VERSION = 1.0;
				PRODUCT_BUNDLE_IDENTIFIER = com.ahmed.BrightskiesTaskUITests;
				PRODUCT_NAME = "$(TARGET_NAME)";
				SWIFT_EMIT_LOC_STRINGS = NO;
				SWIFT_VERSION = 5.0;
				TARGETED_DEVICE_FAMILY = "1,2";
				TEST_TARGET_NAME = BrightskiesTask;
			};
			name = Debug;
		};
		21A759B12A9230E200B4A4FF /* Release */ = {
			isa = XCBuildConfiguration;
			baseConfigurationReference = 8556ABD6F81CF2508D6F92F5 /* Pods-BrightskiesTask-BrightskiesTaskUITests.release.xcconfig */;
			buildSettings = {
				ALWAYS_EMBED_SWIFT_STANDARD_LIBRARIES = YES;
				CODE_SIGN_STYLE = Automatic;
				CURRENT_PROJECT_VERSION = 1;
				DEVELOPMENT_TEAM = NU3L58K3P3;
				GENERATE_INFOPLIST_FILE = YES;
				MARKETING_VERSION = 1.0;
				PRODUCT_BUNDLE_IDENTIFIER = com.ahmed.BrightskiesTaskUITests;
				PRODUCT_NAME = "$(TARGET_NAME)";
				SWIFT_EMIT_LOC_STRINGS = NO;
				SWIFT_VERSION = 5.0;
				TARGETED_DEVICE_FAMILY = "1,2";
				TEST_TARGET_NAME = BrightskiesTask;
			};
			name = Release;
		};
/* End XCBuildConfiguration section */

/* Begin XCConfigurationList section */
		21A759772A9230E000B4A4FF /* Build configuration list for PBXProject "BrightskiesTask" */ = {
			isa = XCConfigurationList;
			buildConfigurations = (
				21A759A72A9230E200B4A4FF /* Debug */,
				21A759A82A9230E200B4A4FF /* Release */,
			);
			defaultConfigurationIsVisible = 0;
			defaultConfigurationName = Release;
		};
		21A759A92A9230E200B4A4FF /* Build configuration list for PBXNativeTarget "BrightskiesTask" */ = {
			isa = XCConfigurationList;
			buildConfigurations = (
				21A759AA2A9230E200B4A4FF /* Debug */,
				21A759AB2A9230E200B4A4FF /* Release */,
			);
			defaultConfigurationIsVisible = 0;
			defaultConfigurationName = Release;
		};
		21A759AC2A9230E200B4A4FF /* Build configuration list for PBXNativeTarget "BrightskiesTaskTests" */ = {
			isa = XCConfigurationList;
			buildConfigurations = (
				21A759AD2A9230E200B4A4FF /* Debug */,
				21A759AE2A9230E200B4A4FF /* Release */,
			);
			defaultConfigurationIsVisible = 0;
			defaultConfigurationName = Release;
		};
		21A759AF2A9230E200B4A4FF /* Build configuration list for PBXNativeTarget "BrightskiesTaskUITests" */ = {
			isa = XCConfigurationList;
			buildConfigurations = (
				21A759B02A9230E200B4A4FF /* Debug */,
				21A759B12A9230E200B4A4FF /* Release */,
			);
			defaultConfigurationIsVisible = 0;
			defaultConfigurationName = Release;
		};
/* End XCConfigurationList section */

/* Begin XCVersionGroup section */
		21A759882A9230E000B4A4FF /* BrightskiesTask.xcdatamodeld */ = {
			isa = XCVersionGroup;
			children = (
				21A759892A9230E000B4A4FF /* BrightskiesTask.xcdatamodel */,
			);
			currentVersion = 21A759892A9230E000B4A4FF /* BrightskiesTask.xcdatamodel */;
			path = BrightskiesTask.xcdatamodeld;
			sourceTree = "<group>";
			versionGroupType = wrapper.xcdatamodel;
		};
/* End XCVersionGroup section */
	};
	rootObject = 21A759742A9230E000B4A4FF /* Project object */;
}
